
Microsoft Visual Studio Solution File, Format Version 12.00
# Visual Studio 15
VisualStudioVersion = 15.0.26124.0
MinimumVisualStudioVersion = 15.0.26124.0
Project("{FAE04EC0-301F-11D3-BF4B-00C04F79EFBC}") = "Domain", "Domain\Domain.csproj", "{2346B2A2-AA10-4629-B2FF-D0C0DA4B621E}"
EndProject
Project("{FAE04EC0-301F-11D3-BF4B-00C04F79EFBC}") = "Application", "Application\Application.csproj", "{F8B662E0-D0FF-4A7B-98E2-21EC419D9B17}"
EndProject
Project("{FAE04EC0-301F-11D3-BF4B-00C04F79EFBC}") = "Persistence", "Persistence\Persistence.csproj", "{AC81ABCD-6C0D-40A9-A2AC-9F8A38503DDA}"
EndProject
Project("{FAE04EC0-301F-11D3-BF4B-00C04F79EFBC}") = "API", "API\API.csproj", "{1E9908C0-1D3E-49D9-9D3D-001A3275861F}"
EndProject
Global
	GlobalSection(SolutionConfigurationPlatforms) = preSolution
		Debug|Any CPU = Debug|Any CPU
		Debug|x64 = Debug|x64
		Debug|x86 = Debug|x86
		Release|Any CPU = Release|Any CPU
		Release|x64 = Release|x64
		Release|x86 = Release|x86
	EndGlobalSection
	GlobalSection(SolutionProperties) = preSolution
		HideSolutionNode = FALSE
	EndGlobalSection
	GlobalSection(ProjectConfigurationPlatforms) = postSolution
		{2346B2A2-AA10-4629-B2FF-D0C0DA4B621E}.Debug|Any CPU.ActiveCfg = Debug|Any CPU
		{2346B2A2-AA10-4629-B2FF-D0C0DA4B621E}.Debug|Any CPU.Build.0 = Debug|Any CPU
		{2346B2A2-AA10-4629-B2FF-D0C0DA4B621E}.Debug|x64.ActiveCfg = Debug|Any CPU
		{2346B2A2-AA10-4629-B2FF-D0C0DA4B621E}.Debug|x64.Build.0 = Debug|Any CPU
		{2346B2A2-AA10-4629-B2FF-D0C0DA4B621E}.Debug|x86.ActiveCfg = Debug|Any CPU
		{2346B2A2-AA10-4629-B2FF-D0C0DA4B621E}.Debug|x86.Build.0 = Debug|Any CPU
		{2346B2A2-AA10-4629-B2FF-D0C0DA4B621E}.Release|Any CPU.ActiveCfg = Release|Any CPU
		{2346B2A2-AA10-4629-B2FF-D0C0DA4B621E}.Release|Any CPU.Build.0 = Release|Any CPU
		{2346B2A2-AA10-4629-B2FF-D0C0DA4B621E}.Release|x64.ActiveCfg = Release|Any CPU
		{2346B2A2-AA10-4629-B2FF-D0C0DA4B621E}.Release|x64.Build.0 = Release|Any CPU
		{2346B2A2-AA10-4629-B2FF-D0C0DA4B621E}.Release|x86.ActiveCfg = Release|Any CPU
		{2346B2A2-AA10-4629-B2FF-D0C0DA4B621E}.Release|x86.Build.0 = Release|Any CPU
		{F8B662E0-D0FF-4A7B-98E2-21EC419D9B17}.Debug|Any CPU.ActiveCfg = Debug|Any CPU
		{F8B662E0-D0FF-4A7B-98E2-21EC419D9B17}.Debug|Any CPU.Build.0 = Debug|Any CPU
		{F8B662E0-D0FF-4A7B-98E2-21EC419D9B17}.Debug|x64.ActiveCfg = Debug|Any CPU
		{F8B662E0-D0FF-4A7B-98E2-21EC419D9B17}.Debug|x64.Build.0 = Debug|Any CPU
		{F8B662E0-D0FF-4A7B-98E2-21EC419D9B17}.Debug|x86.ActiveCfg = Debug|Any CPU
		{F8B662E0-D0FF-4A7B-98E2-21EC419D9B17}.Debug|x86.Build.0 = Debug|Any CPU
		{F8B662E0-D0FF-4A7B-98E2-21EC419D9B17}.Release|Any CPU.ActiveCfg = Release|Any CPU
		{F8B662E0-D0FF-4A7B-98E2-21EC419D9B17}.Release|Any CPU.Build.0 = Release|Any CPU
		{F8B662E0-D0FF-4A7B-98E2-21EC419D9B17}.Release|x64.ActiveCfg = Release|Any CPU
		{F8B662E0-D0FF-4A7B-98E2-21EC419D9B17}.Release|x64.Build.0 = Release|Any CPU
		{F8B662E0-D0FF-4A7B-98E2-21EC419D9B17}.Release|x86.ActiveCfg = Release|Any CPU
		{F8B662E0-D0FF-4A7B-98E2-21EC419D9B17}.Release|x86.Build.0 = Release|Any CPU
		{AC81ABCD-6C0D-40A9-A2AC-9F8A38503DDA}.Debug|Any CPU.ActiveCfg = Debug|Any CPU
		{AC81ABCD-6C0D-40A9-A2AC-9F8A38503DDA}.Debug|Any CPU.Build.0 = Debug|Any CPU
		{AC81ABCD-6C0D-40A9-A2AC-9F8A38503DDA}.Debug|x64.ActiveCfg = Debug|Any CPU
		{AC81ABCD-6C0D-40A9-A2AC-9F8A38503DDA}.Debug|x64.Build.0 = Debug|Any CPU
		{AC81ABCD-6C0D-40A9-A2AC-9F8A38503DDA}.Debug|x86.ActiveCfg = Debug|Any CPU
		{AC81ABCD-6C0D-40A9-A2AC-9F8A38503DDA}.Debug|x86.Build.0 = Debug|Any CPU
		{AC81ABCD-6C0D-40A9-A2AC-9F8A38503DDA}.Release|Any CPU.ActiveCfg = Release|Any CPU
		{AC81ABCD-6C0D-40A9-A2AC-9F8A38503DDA}.Release|Any CPU.Build.0 = Release|Any CPU
		{AC81ABCD-6C0D-40A9-A2AC-9F8A38503DDA}.Release|x64.ActiveCfg = Release|Any CPU
		{AC81ABCD-6C0D-40A9-A2AC-9F8A38503DDA}.Release|x64.Build.0 = Release|Any CPU
		{AC81ABCD-6C0D-40A9-A2AC-9F8A38503DDA}.Release|x86.ActiveCfg = Release|Any CPU
		{AC81ABCD-6C0D-40A9-A2AC-9F8A38503DDA}.Release|x86.Build.0 = Release|Any CPU
		{1E9908C0-1D3E-49D9-9D3D-001A3275861F}.Debug|Any CPU.ActiveCfg = Debug|Any CPU
		{1E9908C0-1D3E-49D9-9D3D-001A3275861F}.Debug|Any CPU.Build.0 = Debug|Any CPU
		{1E9908C0-1D3E-49D9-9D3D-001A3275861F}.Debug|x64.ActiveCfg = Debug|Any CPU
		{1E9908C0-1D3E-49D9-9D3D-001A3275861F}.Debug|x64.Build.0 = Debug|Any CPU
		{1E9908C0-1D3E-49D9-9D3D-001A3275861F}.Debug|x86.ActiveCfg = Debug|Any CPU
		{1E9908C0-1D3E-49D9-9D3D-001A3275861F}.Debug|x86.Build.0 = Debug|Any CPU
		{1E9908C0-1D3E-49D9-9D3D-001A3275861F}.Release|Any CPU.ActiveCfg = Release|Any CPU
		{1E9908C0-1D3E-49D9-9D3D-001A3275861F}.Release|Any CPU.Build.0 = Release|Any CPU
		{1E9908C0-1D3E-49D9-9D3D-001A3275861F}.Release|x64.ActiveCfg = Release|Any CPU
		{1E9908C0-1D3E-49D9-9D3D-001A3275861F}.Release|x64.Build.0 = Release|Any CPU
		{1E9908C0-1D3E-49D9-9D3D-001A3275861F}.Release|x86.ActiveCfg = Release|Any CPU
		{1E9908C0-1D3E-49D9-9D3D-001A3275861F}.Release|x86.Build.0 = Release|Any CPU
	EndGlobalSection
EndGlobal
